
Microsoft Visual Studio Solution File, Format Version 12.00
# Visual Studio 15
VisualStudioVersion = 15.0.27130.2010
MinimumVisualStudioVersion = 10.0.40219.1
Project("{FAE04EC0-301F-11D3-BF4B-00C04F79EFBC}") = "NPOIHelper", "NPOIHelper\NPOIHelper.csproj", "{9A5F9B78-AFC4-4802-9D69-DAD52E597117}"
EndProject
Global
	GlobalSection(SolutionConfigurationPlatforms) = preSolution
		Debug|Any CPU = Debug|Any CPU
		Release|Any CPU = Release|Any CPU
	EndGlobalSection
	GlobalSection(ProjectConfigurationPlatforms) = postSolution
		{9A5F9B78-AFC4-4802-9D69-DAD52E597117}.Debug|Any CPU.ActiveCfg = Debug|Any CPU
		{9A5F9B78-AFC4-4802-9D69-DAD52E597117}.Debug|Any CPU.Build.0 = Debug|Any CPU
		{9A5F9B78-AFC4-4802-9D69-DAD52E597117}.Release|Any CPU.ActiveCfg = Release|Any CPU
		{9A5F9B78-AFC4-4802-9D69-DAD52E597117}.Release|Any CPU.Build.0 = Release|Any CPU
	EndGlobalSection
	GlobalSection(SolutionProperties) = preSolution
		HideSolutionNode = FALSE
	EndGlobalSection
	GlobalSection(ExtensibilityGlobals) = postSolution
		SolutionGuid = {8D404F6C-8100-407F-B7BE-3B4C9D3D8CBD}
	EndGlobalSection
EndGlobal
